
Microsoft Visual Studio Solution File, Format Version 12.00
# Visual Studio Version 17
VisualStudioVersion = 17.4.33403.182
MinimumVisualStudioVersion = 10.0.40219.1
Project("{FAE04EC0-301F-11D3-BF4B-00C04F79EFBC}") = "FP_GWL", "FP_GWL\FP_GWL.csproj", "{4F70D8F1-F719-4A4A-9BEA-B2BEC4D43576}"
EndProject
Global
	GlobalSection(SolutionConfigurationPlatforms) = preSolution
		Debug|Any CPU = Debug|Any CPU
		Release|Any CPU = Release|Any CPU
	EndGlobalSection
	GlobalSection(ProjectConfigurationPlatforms) = postSolution
		{4F70D8F1-F719-4A4A-9BEA-B2BEC4D43576}.Debug|Any CPU.ActiveCfg = Debug|Any CPU
		{4F70D8F1-F719-4A4A-9BEA-B2BEC4D43576}.Debug|Any CPU.Build.0 = Debug|Any CPU
		{4F70D8F1-F719-4A4A-9BEA-B2BEC4D43576}.Release|Any CPU.ActiveCfg = Release|Any CPU
		{4F70D8F1-F719-4A4A-9BEA-B2BEC4D43576}.Release|Any CPU.Build.0 = Release|Any CPU
	EndGlobalSection
	GlobalSection(SolutionProperties) = preSolution
		HideSolutionNode = FALSE
	EndGlobalSection
	GlobalSection(ExtensibilityGlobals) = postSolution
		SolutionGuid = {FF65DED4-B6DD-4A24-A92B-BBC2136206E1}
	EndGlobalSection
EndGlobal
